
Microsoft Visual Studio Solution File, Format Version 12.00
# Visual Studio Version 17
VisualStudioVersion = 17.3.32929.385
MinimumVisualStudioVersion = 10.0.40219.1
Project("{FAE04EC0-301F-11D3-BF4B-00C04F79EFBC}") = "test", "test\test.csproj", "{07D61DC5-ACCE-4CF8-A35D-C17E885D3375}"
EndProject
Global
	GlobalSection(SolutionConfigurationPlatforms) = preSolution
		Debug|Any CPU = Debug|Any CPU
		Release|Any CPU = Release|Any CPU
	EndGlobalSection
	GlobalSection(ProjectConfigurationPlatforms) = postSolution
		{07D61DC5-ACCE-4CF8-A35D-C17E885D3375}.Debug|Any CPU.ActiveCfg = Debug|Any CPU
		{07D61DC5-ACCE-4CF8-A35D-C17E885D3375}.Debug|Any CPU.Build.0 = Debug|Any CPU
		{07D61DC5-ACCE-4CF8-A35D-C17E885D3375}.Release|Any CPU.ActiveCfg = Release|Any CPU
		{07D61DC5-ACCE-4CF8-A35D-C17E885D3375}.Release|Any CPU.Build.0 = Release|Any CPU
	EndGlobalSection
	GlobalSection(SolutionProperties) = preSolution
		HideSolutionNode = FALSE
	EndGlobalSection
	GlobalSection(ExtensibilityGlobals) = postSolution
		SolutionGuid = {79C53D43-6524-4030-A243-1D4D9695B0F2}
	EndGlobalSection
EndGlobal
